
Microsoft Visual Studio Solution File, Format Version 12.00
# Visual Studio Version 16
VisualStudioVersion = 16.0.31105.61
MinimumVisualStudioVersion = 10.0.40219.1
Project("{FAE04EC0-301F-11D3-BF4B-00C04F79EFBC}") = "Dotnet_Prac", "Dotnet_Prac.csproj", "{C47B3778-D72E-4405-8005-C8B038EA2A4D}"
EndProject
Global
	GlobalSection(SolutionConfigurationPlatforms) = preSolution
		Debug|Any CPU = Debug|Any CPU
		Release|Any CPU = Release|Any CPU
	EndGlobalSection
	GlobalSection(ProjectConfigurationPlatforms) = postSolution
		{C47B3778-D72E-4405-8005-C8B038EA2A4D}.Debug|Any CPU.ActiveCfg = Debug|Any CPU
		{C47B3778-D72E-4405-8005-C8B038EA2A4D}.Debug|Any CPU.Build.0 = Debug|Any CPU
		{C47B3778-D72E-4405-8005-C8B038EA2A4D}.Release|Any CPU.ActiveCfg = Release|Any CPU
		{C47B3778-D72E-4405-8005-C8B038EA2A4D}.Release|Any CPU.Build.0 = Release|Any CPU
	EndGlobalSection
	GlobalSection(SolutionProperties) = preSolution
		HideSolutionNode = FALSE
	EndGlobalSection
	GlobalSection(ExtensibilityGlobals) = postSolution
		SolutionGuid = {08A22802-68E3-43A4-8792-3A3F1BC2ACA0}
	EndGlobalSection
EndGlobal
